
Microsoft Visual Studio Solution File, Format Version 12.00
# Visual Studio Version 16
VisualStudioVersion = 16.0.28803.452
MinimumVisualStudioVersion = 10.0.40219.1
Project("{FAE04EC0-301F-11D3-BF4B-00C04F79EFBC}") = "mine_finder", "mine_finder\mine_finder.csproj", "{810FEC34-EDE6-4266-992B-B5C976BA3DA6}"
EndProject
Global
	GlobalSection(SolutionConfigurationPlatforms) = preSolution
		Debug|Any CPU = Debug|Any CPU
		Release|Any CPU = Release|Any CPU
	EndGlobalSection
	GlobalSection(ProjectConfigurationPlatforms) = postSolution
		{810FEC34-EDE6-4266-992B-B5C976BA3DA6}.Debug|Any CPU.ActiveCfg = Debug|Any CPU
		{810FEC34-EDE6-4266-992B-B5C976BA3DA6}.Debug|Any CPU.Build.0 = Debug|Any CPU
		{810FEC34-EDE6-4266-992B-B5C976BA3DA6}.Release|Any CPU.ActiveCfg = Release|Any CPU
		{810FEC34-EDE6-4266-992B-B5C976BA3DA6}.Release|Any CPU.Build.0 = Release|Any CPU
	EndGlobalSection
	GlobalSection(SolutionProperties) = preSolution
		HideSolutionNode = FALSE
	EndGlobalSection
	GlobalSection(ExtensibilityGlobals) = postSolution
		SolutionGuid = {763F6D55-3E2A-4728-98DC-DD4D466669FF}
	EndGlobalSection
EndGlobal
